// !$*UTF8*$!
{
	archiveVersion = 1;
	classes = {
	};
	objectVersion = 46;
	objects = {

/* Begin PBXBuildFile section */
		496D3DCE1E56D8ED007A458B /* AllAlbumsController.swift in Sources */ = {isa = PBXBuildFile; fileRef = 496D3DCD1E56D8ED007A458B /* AllAlbumsController.swift */; };
		496D3DD01E56D92E007A458B /* SingleAlbumsController.swift in Sources */ = {isa = PBXBuildFile; fileRef = 496D3DCF1E56D92E007A458B /* SingleAlbumsController.swift */; };
		496D3DD31E56DDF1007A458B /* ThumbnailCell.swift in Sources */ = {isa = PBXBuildFile; fileRef = 496D3DD11E56DDF1007A458B /* ThumbnailCell.swift */; };
		496D3DD41E56DDF1007A458B /* ThumbnailCell.xib in Resources */ = {isa = PBXBuildFile; fileRef = 496D3DD21E56DDF1007A458B /* ThumbnailCell.xib */; };
		496D3DD61E56E3B4007A458B /* PhotoModel.swift in Sources */ = {isa = PBXBuildFile; fileRef = 496D3DD51E56E3B4007A458B /* PhotoModel.swift */; };
		49FAB22D1E558D60009329AF /* AppDelegate.swift in Sources */ = {isa = PBXBuildFile; fileRef = 49FAB22C1E558D60009329AF /* AppDelegate.swift */; };
		49FAB22F1E558D61009329AF /* ViewController.swift in Sources */ = {isa = PBXBuildFile; fileRef = 49FAB22E1E558D60009329AF /* ViewController.swift */; };
		49FAB2321E558D61009329AF /* Main.storyboard in Resources */ = {isa = PBXBuildFile; fileRef = 49FAB2301E558D61009329AF /* Main.storyboard */; };
		49FAB2341E558D61009329AF /* Assets.xcassets in Resources */ = {isa = PBXBuildFile; fileRef = 49FAB2331E558D61009329AF /* Assets.xcassets */; };
		49FAB2371E558D61009329AF /* LaunchScreen.storyboard in Resources */ = {isa = PBXBuildFile; fileRef = 49FAB2351E558D61009329AF /* LaunchScreen.storyboard */; };
/* End PBXBuildFile section */

/* Begin PBXFileReference section */
		496D3DCD1E56D8ED007A458B /* AllAlbumsController.swift */ = {isa = PBXFileReference; fileEncoding = 4; lastKnownFileType = sourcecode.swift; path = AllAlbumsController.swift; sourceTree = "<group>"; };
		496D3DCF1E56D92E007A458B /* SingleAlbumsController.swift */ = {isa = PBXFileReference; fileEncoding = 4; lastKnownFileType = sourcecode.swift; path = SingleAlbumsController.swift; sourceTree = "<group>"; };
		496D3DD11E56DDF1007A458B /* ThumbnailCell.swift */ = {isa = PBXFileReference; fileEncoding = 4; lastKnownFileType = sourcecode.swift; path = ThumbnailCell.swift; sourceTree = "<group>"; };
		496D3DD21E56DDF1007A458B /* ThumbnailCell.xib */ = {isa = PBXFileReference; fileEncoding = 4; lastKnownFileType = file.xib; path = ThumbnailCell.xib; sourceTree = "<group>"; };
		496D3DD51E56E3B4007A458B /* PhotoModel.swift */ = {isa = PBXFileReference; fileEncoding = 4; lastKnownFileType = sourcecode.swift; path = PhotoModel.swift; sourceTree = "<group>"; };
		49FAB2291E558D60009329AF /* swift-Imitation.app */ = {isa = PBXFileReference; explicitFileType = wrapper.application; includeInIndex = 0; path = "swift-Imitation.app"; sourceTree = BUILT_PRODUCTS_DIR; };
		49FAB22C1E558D60009329AF /* AppDelegate.swift */ = {isa = PBXFileReference; lastKnownFileType = sourcecode.swift; path = AppDelegate.swift; sourceTree = "<group>"; };
		49FAB22E1E558D60009329AF /* ViewController.swift */ = {isa = PBXFileReference; lastKnownFileType = sourcecode.swift; path = ViewController.swift; sourceTree = "<group>"; };
		49FAB2311E558D61009329AF /* Base */ = {isa = PBXFileReference; lastKnownFileType = file.storyboard; name = Base; path = Base.lproj/Main.storyboard; sourceTree = "<group>"; };
		49FAB2331E558D61009329AF /* Assets.xcassets */ = {isa = PBXFileReference; lastKnownFileType = folder.assetcatalog; path = Assets.xcassets; sourceTree = "<group>"; };
		49FAB2361E558D61009329AF /* Base */ = {isa = PBXFileReference; lastKnownFileType = file.storyboard; name = Base; path = Base.lproj/LaunchScreen.storyboard; sourceTree = "<group>"; };
		49FAB2381E558D61009329AF /* Info.plist */ = {isa = PBXFileReference; lastKnownFileType = text.plist.xml; path = Info.plist; sourceTree = "<group>"; };
/* End PBXFileReference section */

/* Begin PBXFrameworksBuildPhase section */
		49FAB2261E558D60009329AF /* Frameworks */ = {
			isa = PBXFrameworksBuildPhase;
			buildActionMask = 2147483647;
			files = (
			);
			runOnlyForDeploymentPostprocessing = 0;
		};
/* End PBXFrameworksBuildPhase section */

/* Begin PBXGroup section */
		496D3DCC1E56D844007A458B /* wechatPhoto */ = {
			isa = PBXGroup;
			children = (
				496D3DCD1E56D8ED007A458B /* AllAlbumsController.swift */,
				496D3DCF1E56D92E007A458B /* SingleAlbumsController.swift */,
				496D3DD11E56DDF1007A458B /* ThumbnailCell.swift */,
				496D3DD21E56DDF1007A458B /* ThumbnailCell.xib */,
				496D3DD51E56E3B4007A458B /* PhotoModel.swift */,
			);
			path = wechatPhoto;
			sourceTree = "<group>";
		};
		49FAB2201E558D60009329AF = {
			isa = PBXGroup;
			children = (
				49FAB22B1E558D60009329AF /* swift-Imitation */,
				49FAB22A1E558D60009329AF /* Products */,
			);
			sourceTree = "<group>";
		};
		49FAB22A1E558D60009329AF /* Products */ = {
			isa = PBXGroup;
			children = (
				49FAB2291E558D60009329AF /* swift-Imitation.app */,
			);
			name = Products;
			sourceTree = "<group>";
		};
		49FAB22B1E558D60009329AF /* swift-Imitation */ = {
			isa = PBXGroup;
			children = (
				49FAB22C1E558D60009329AF /* AppDelegate.swift */,
				49FAB22E1E558D60009329AF /* ViewController.swift */,
				496D3DCC1E56D844007A458B /* wechatPhoto */,
				49FAB2301E558D61009329AF /* Main.storyboard */,
				49FAB2331E558D61009329AF /* Assets.xcassets */,
				49FAB2351E558D61009329AF /* LaunchScreen.storyboard */,
				49FAB2381E558D61009329AF /* Info.plist */,
			);
			path = "swift-Imitation";
			sourceTree = "<group>";
		};
/* End PBXGroup section */

/* Begin PBXNativeTarget section */
		49FAB2281E558D60009329AF /* swift-Imitation */ = {
			isa = PBXNativeTarget;
			buildConfigurationList = 49FAB23B1E558D61009329AF /* Build configuration list for PBXNativeTarget "swift-Imitation" */;
			buildPhases = (
				49FAB2251E558D60009329AF /* Sources */,
				49FAB2261E558D60009329AF /* Frameworks */,
				49FAB2271E558D60009329AF /* Resources */,
			);
			buildRules = (
			);
			dependencies = (
			);
			name = "swift-Imitation";
			productName = "swift-Imitation";
			productReference = 49FAB2291E558D60009329AF /* swift-Imitation.app */;
			productType = "com.apple.product-type.application";
		};
/* End PBXNativeTarget section */

/* Begin PBXProject section */
		49FAB2211E558D60009329AF /* Project object */ = {
			isa = PBXProject;
			attributes = {
				LastSwiftUpdateCheck = 0820;
				LastUpgradeCheck = 0820;
				ORGANIZATIONNAME = "Will-Z";
				TargetAttributes = {
					49FAB2281E558D60009329AF = {
						CreatedOnToolsVersion = 8.2;
						DevelopmentTeam = N729L435R7;
						ProvisioningStyle = Automatic;
					};
				};
			};
			buildConfigurationList = 49FAB2241E558D60009329AF /* Build configuration list for PBXProject "swift-Imitation" */;
			compatibilityVersion = "Xcode 3.2";
			developmentRegion = English;
			hasScannedForEncodings = 0;
			knownRegions = (
				en,
				Base,
			);
			mainGroup = 49FAB2201E558D60009329AF;
			productRefGroup = 49FAB22A1E558D60009329AF /* Products */;
			projectDirPath = "";
			projectRoot = "";
			targets = (
				49FAB2281E558D60009329AF /* swift-Imitation */,
			);
		};
/* End PBXProject section */

/* Begin PBXResourcesBuildPhase section */
		49FAB2271E558D60009329AF /* Resources */ = {
			isa = PBXResourcesBuildPhase;
			buildActionMask = 2147483647;
			files = (
				49FAB2371E558D61009329AF /* LaunchScreen.storyboard in Resources */,
				49FAB2341E558D61009329AF /* Assets.xcassets in Resources */,
				496D3DD41E56DDF1007A458B /* ThumbnailCell.xib in Resources */,
				49FAB2321E558D61009329AF /* Main.storyboard in Resources */,
			);
			runOnlyForDeploymentPostprocessing = 0;
		};
/* End PBXResourcesBuildPhase section */

/* Begin PBXSourcesBuildPhase section */
		49FAB2251E558D60009329AF /* Sources */ = {
			isa = PBXSourcesBuildPhase;
			buildActionMask = 2147483647;
			files = (
				496D3DD61E56E3B4007A458B /* PhotoModel.swift in Sources */,
				496D3DD31E56DDF1007A458B /* ThumbnailCell.swift in Sources */,
				496D3DCE1E56D8ED007A458B /* AllAlbumsController.swift in Sources */,
				496D3DD01E56D92E007A458B /* SingleAlbumsController.swift in Sources */,
				49FAB22F1E558D61009329AF /* ViewController.swift in Sources */,
				49FAB22D1E558D60009329AF /* AppDelegate.swift in Sources */,
			);
			runOnlyForDeploymentPostprocessing = 0;
		};
/* End PBXSourcesBuildPhase section */

/* Begin PBXVariantGroup section */
		49FAB2301E558D61009329AF /* Main.storyboard */ = {
			isa = PBXVariantGroup;
			children = (
				49FAB2311E558D61009329AF /* Base */,
			);
			name = Main.storyboard;
			sourceTree = "<group>";
		};
		49FAB2351E558D61009329AF /* LaunchScreen.storyboard */ = {
			isa = PBXVariantGroup;
			children = (
				49FAB2361E558D61009329AF /* Base */,
			);
			name = LaunchScreen.storyboard;
			sourceTree = "<group>";
		};
/* End PBXVariantGroup section */

/* Begin XCBuildConfiguration section */
		49FAB2391E558D61009329AF /* Debug */ = {
			isa = XCBuildConfiguration;
			buildSettings = {
				ALWAYS_SEARCH_USER_PATHS = NO;
				CLANG_ANALYZER_NONNULL = YES;
				CLANG_CXX_LANGUAGE_STANDARD = "gnu++0x";
				CLANG_CXX_LIBRARY = "libc++";
				CLANG_ENABLE_MODULES = YES;
				CLANG_ENABLE_OBJC_ARC = YES;
				CLANG_WARN_BOOL_CONVERSION = YES;
				CLANG_WARN_CONSTANT_CONVERSION = YES;
				CLANG_WARN_DIRECT_OBJC_ISA_USAGE = YES_ERROR;
				CLANG_WARN_DOCUMENTATION_COMMENTS = YES;
				CLANG_WARN_EMPTY_BODY = YES;
				CLANG_WARN_ENUM_CONVERSION = YES;
				CLANG_WARN_INFINITE_RECURSION = YES;
				CLANG_WARN_INT_CONVERSION = YES;
				CLANG_WARN_OBJC_ROOT_CLASS = YES_ERROR;
				CLANG_WARN_SUSPICIOUS_MOVE = YES;
				CLANG_WARN_UNREACHABLE_CODE = YES;
				CLANG_WARN__DUPLICATE_METHOD_MATCH = YES;
				"CODE_SIGN_IDENTITY[sdk=iphoneos*]" = "iPhone Developer";
				COPY_PHASE_STRIP = NO;
				DEBUG_INFORMATION_FORMAT = dwarf;
				ENABLE_STRICT_OBJC_MSGSEND = YES;
				ENABLE_TESTABILITY = YES;
				GCC_C_LANGUAGE_STANDARD = gnu99;
				GCC_DYNAMIC_NO_PIC = NO;
				GCC_NO_COMMON_BLOCKS = YES;
				GCC_OPTIMIZATION_LEVEL = 0;
				GCC_PREPROCESSOR_DEFINITIONS = (
					"DEBUG=1",
					"$(inherited)",
				);
				GCC_WARN_64_TO_32_BIT_CONVERSION = YES;
				GCC_WARN_ABOUT_RETURN_TYPE = YES_ERROR;
				GCC_WARN_UNDECLARED_SELECTOR = YES;
				GCC_WARN_UNINITIALIZED_AUTOS = YES_AGGRESSIVE;
				GCC_WARN_UNUSED_FUNCTION = YES;
				GCC_WARN_UNUSED_VARIABLE = YES;
				IPHONEOS_DEPLOYMENT_TARGET = 10.2;
				MTL_ENABLE_DEBUG_INFO = YES;
				ONLY_ACTIVE_ARCH = YES;
				SDKROOT = iphoneos;
				SWIFT_ACTIVE_COMPILATION_CONDITIONS = DEBUG;
				SWIFT_OPTIMIZATION_LEVEL = "-Onone";
			};
			name = Debug;
		};
		49FAB23A1E558D61009329AF /* Release */ = {
			isa = XCBuildConfiguration;
			buildSettings = {
				ALWAYS_SEARCH_USER_PATHS = NO;
				CLANG_ANALYZER_NONNULL = YES;
				CLANG_CXX_LANGUAGE_STANDARD = "gnu++0x";
				CLANG_CXX_LIBRARY = "libc++";
				CLANG_ENABLE_MODULES = YES;
				CLANG_ENABLE_OBJC_ARC = YES;
				CLANG_WARN_BOOL_CONVERSION = YES;
				CLANG_WARN_CONSTANT_CONVERSION = YES;
				CLANG_WARN_DIRECT_OBJC_ISA_USAGE = YES_ERROR;
				CLANG_WARN_DOCUMENTATION_COMMENTS = YES;
				CLANG_WARN_EMPTY_BODY = YES;
				CLANG_WARN_ENUM_CONVERSION = YES;
				CLANG_WARN_INFINITE_RECURSION = YES;
				CLANG_WARN_INT_CONVERSION = YES;
				CLANG_WARN_OBJC_ROOT_CLASS = YES_ERROR;
				CLANG_WARN_SUSPICIOUS_MOVE = YES;
				CLANG_WARN_UNREACHABLE_CODE = YES;
				CLANG_WARN__DUPLICATE_METHOD_MATCH = YES;
				"CODE_SIGN_IDENTITY[sdk=iphoneos*]" = "iPhone Developer";
				COPY_PHASE_STRIP = NO;
				DEBUG_INFORMATION_FORMAT = "dwarf-with-dsym";
				ENABLE_NS_ASSERTIONS = NO;
				ENABLE_STRICT_OBJC_MSGSEND = YES;
				GCC_C_LANGUAGE_STANDARD = gnu99;
				GCC_NO_COMMON_BLOCKS = YES;
				GCC_WARN_64_TO_32_BIT_CONVERSION = YES;
				GCC_WARN_ABOUT_RETURN_TYPE = YES_ERROR;
				GCC_WARN_UNDECLARED_SELECTOR = YES;
				GCC_WARN_UNINITIALIZED_AUTOS = YES_AGGRESSIVE;
				GCC_WARN_UNUSED_FUNCTION = YES;
				GCC_WARN_UNUSED_VARIABLE = YES;
				IPHONEOS_DEPLOYMENT_TARGET = 10.2;
				MTL_ENABLE_DEBUG_INFO = NO;
				SDKROOT = iphoneos;
				SWIFT_OPTIMIZATION_LEVEL = "-Owholemodule";
				VALIDATE_PRODUCT = YES;
			};
			name = Release;
		};
		49FAB23C1E558D61009329AF /* Debug */ = {
			isa = XCBuildConfiguration;
			buildSettings = {
				ASSETCATALOG_COMPILER_APPICON_NAME = AppIcon;
				DEVELOPMENT_TEAM = N729L435R7;
				INFOPLIST_FILE = "swift-Imitation/Info.plist";
				IPHONEOS_DEPLOYMENT_TARGET = 10.0;
				LD_RUNPATH_SEARCH_PATHS = "$(inherited) @executable_path/Frameworks";
				PRODUCT_BUNDLE_IDENTIFIER = "com.Carduo.swift-Imitation";
				PRODUCT_NAME = "$(TARGET_NAME)";
				SWIFT_VERSION = 3.0;
			};
			name = Debug;
		};
		49FAB23D1E558D61009329AF /* Release */ = {
			isa = XCBuildConfiguration;
			buildSettings = {
				ASSETCATALOG_COMPILER_APPICON_NAME = AppIcon;
				DEVELOPMENT_TEAM = N729L435R7;
				INFOPLIST_FILE = "swift-Imitation/Info.plist";
				IPHONEOS_DEPLOYMENT_TARGET = 10.0;
				LD_RUNPATH_SEARCH_PATHS = "$(inherited) @executable_path/Frameworks";
				PRODUCT_BUNDLE_IDENTIFIER = "com.Carduo.swift-Imitation";
				PRODUCT_NAME = "$(TARGET_NAME)";
				SWIFT_VERSION = 3.0;
			};
			name = Release;
		};
/* End XCBuildConfiguration section */

/* Begin XCConfigurationList section */
		49FAB2241E558D60009329AF /* Build configuration list for PBXProject "swift-Imitation" */ = {
			isa = XCConfigurationList;
			buildConfigurations = (
				49FAB2391E558D61009329AF /* Debug */,
				49FAB23A1E558D61009329AF /* Release */,
			);
			defaultConfigurationIsVisible = 0;
			defaultConfigurationName = Release;
		};
		49FAB23B1E558D61009329AF /* Build configuration list for PBXNativeTarget "swift-Imitation" */ = {
			isa = XCConfigurationList;
			buildConfigurations = (
				49FAB23C1E558D61009329AF /* Debug */,
				49FAB23D1E558D61009329AF /* Release */,
			);
			defaultConfigurationIsVisible = 0;
			defaultConfigurationName = Release;
		};
/* End XCConfigurationList section */
	};
	rootObject = 49FAB2211E558D60009329AF /* Project object */;
}
